<?xml version="1.0" encoding="utf-8"?>
<Project ToolsVersion="4.0" xmlns="http://schemas.microsoft.com/developer/msbuild/2003">
  <ItemGroup>
    <Filter Include="Resource Files">
      <UniqueIdentifier>{67DA6AB6-F800-4c08-8B7A-83BB121AAD01}</UniqueIdentifier>
      <Extensions>rc;ico;cur;bmp;dlg;rc2;rct;bin;rgs;gif;jpg;jpeg;jpe;resx;tiff;tif;png;wav;mfcribbon-ms</Extensions>
    </Filter>
    <Filter Include="AI">
      <UniqueIdentifier>{b0a1d028-c4fc-4215-8640-9b640d252932}</UniqueIdentifier>
    </Filter>
    <Filter Include="Animation">
      <UniqueIdentifier>{3bc90c38-3480-4e4c-b36c-19e81b790d61}</UniqueIdentifier>
    </Filter>
    <Filter Include="Audio">
      <UniqueIdentifier>{d04078ea-646e-4db5-8706-6449a2ee2146}</UniqueIdentifier>
    </Filter>
    <Filter Include="Input">
      <UniqueIdentifier>{74a1244c-2f2d-4401-9857-f4a54bad56b6}</UniqueIdentifier>
    </Filter>
    <Filter Include="Math">
      <UniqueIdentifier>{e1dd18e3-2e90-4b61-9756-86f86943e2a3}</UniqueIdentifier>
    </Filter>
    <Filter Include="Networking">
      <UniqueIdentifier>{6fe1c261-4b00-46a9-8603-dfce961dfbe4}</UniqueIdentifier>
    </Filter>
    <Filter Include="Physics">
      <UniqueIdentifier>{a627c9b3-59f7-4ed6-8aee-36408b64ed43}</UniqueIdentifier>
    </Filter>
    <Filter Include="Rendering">
      <UniqueIdentifier>{1754e296-2159-42f3-99d2-6c7d28eb9083}</UniqueIdentifier>
    </Filter>
    <Filter Include="Resources">
      <UniqueIdentifier>{aa4cd35e-a749-46df-a540-c206b79025f3}</UniqueIdentifier>
    </Filter>
    <Filter Include="Scene">
      <UniqueIdentifier>{d4ea5b34-9785-4866-8b7b-a69dbd5b8edf}</UniqueIdentifier>
    </Filter>
    <Filter Include="Scripting">
      <UniqueIdentifier>{386fdc0f-2909-41e7-8c67-206487b83411}</UniqueIdentifier>
    </Filter>
    <Filter Include="Time">
      <UniqueIdentifier>{4656ddec-41f3-4e4c-addb-360225aa0f8b}</UniqueIdentifier>
    </Filter>
    <Filter Include="UI">
      <UniqueIdentifier>{b5bd24e3-518b-4545-8f0e-77669e374a95}</UniqueIdentifier>
    </Filter>
    <Filter Include="Utils">
      <UniqueIdentifier>{3227aa7a-6d30-4643-b9bf-1465dd02ea2c}</UniqueIdentifier>
    </Filter>
    <Filter Include="Scene\Source">
      <UniqueIdentifier>{0be81a6a-eeb1-446f-ba3f-597b2131959a}</UniqueIdentifier>
    </Filter>
    <Filter Include="Scene\Header">
      <UniqueIdentifier>{78f8f0f3-af05-41cb-ad53-f6a38c94d24b}</UniqueIdentifier>
    </Filter>
    <Filter Include="Scripting\Header Files">
      <UniqueIdentifier>{93995380-89BD-4b04-88EB-625FBE52EBFB}</UniqueIdentifier>
      <Extensions>h;hh;hpp;hxx;h++;hm;inl;inc;ipp;xsd</Extensions>
    </Filter>
    <Filter Include="Scripting\Source Files">
      <UniqueIdentifier>{4FC737F1-C7A5-4376-A066-2A32D752A2FF}</UniqueIdentifier>
      <Extensions>cpp;c;cc;cxx;c++;cppm;ixx;def;odl;idl;hpj;bat;asm;asmx</Extensions>
    </Filter>
    <Filter Include="Components">
      <UniqueIdentifier>{f9e9a46d-7d33-4c4e-a30c-57a50d7a6818}</UniqueIdentifier>
    </Filter>
    <Filter Include="Components\Header Files">
      <UniqueIdentifier>{5145d17a-a054-4b77-b3a7-b3fd3526229a}</UniqueIdentifier>
    </Filter>
    <Filter Include="Components\Source Files">
      <UniqueIdentifier>{b7966aa8-326c-4e8a-a016-d2b02383b371}</UniqueIdentifier>
    </Filter>
    <Filter Include="Utils\Header Files">
      <UniqueIdentifier>{24ac2023-384d-49e2-9fb3-ea1b9f665025}</UniqueIdentifier>
    </Filter>
    <Filter Include="Utils\Source Files">
      <UniqueIdentifier>{1e76a674-7742-4987-9bf7-45b2da026591}</UniqueIdentifier>
    </Filter>
  </ItemGroup>
  <ItemGroup>
    <ClCompile Include="Scene\Source\Connection.cpp">
      <Filter>Scene\Source</Filter>
    </ClCompile>
    <ClCompile Include="Scene\Source\Node.cpp">
      <Filter>Scene\Source</Filter>
    </ClCompile>
    <ClCompile Include="Components\Source Files\RenderComponent.cpp">
      <Filter>Components\Source Files</Filter>
    </ClCompile>
    <ClCompile Include="Components\Source Files\ScriptComponent.cpp">
      <Filter>Components\Source Files</Filter>
    </ClCompile>
    <ClCompile Include="Components\Source Files\NodeComponent.cpp">
      <Filter>Components\Source Files</Filter>
    </ClCompile>
    <ClCompile Include="Scripting\Source Files\Graph.cpp">
      <Filter>Scripting\Source Files</Filter>
    </ClCompile>
    <ClCompile Include="Scripting\Source Files\GraphExecutor.cpp">
      <Filter>Scripting\Source Files</Filter>
    </ClCompile>
    <ClCompile Include="Scripting\Source Files\GraphLayout.cpp">
      <Filter>Scripting\Source Files</Filter>
    </ClCompile>
    <ClCompile Include="Scripting\Source Files\GraphSerializer.cpp">
      <Filter>Scripting\Source Files</Filter>
    </ClCompile>
    <ClCompile Include="Scene\Header\NodeSerialization.cpp">
      <Filter>Scene\Source</Filter>
    </ClCompile>
    <ClCompile Include="Scene\Source\NodeData.cpp">
      <Filter>Scene\Source</Filter>
    </ClCompile>
    <ClCompile Include="Scene\Source\NodeConnections.cpp">
      <Filter>Scene\Source</Filter>
    </ClCompile>
    <ClCompile Include="Scene\Source\NodeExecution.cpp">
      <Filter>Scene\Source</Filter>
    </ClCompile>
  </ItemGroup>
  <ItemGroup>
    <ClInclude Include="Scene\Header\Connection.h">
      <Filter>Scene\Header</Filter>
    </ClInclude>
    <ClInclude Include="Scene\Header\Node.h">
      <Filter>Scene\Header</Filter>
    </ClInclude>
    <ClInclude Include="Components\Header Files\RenderComponent.h">
      <Filter>Components\Header Files</Filter>
    </ClInclude>
    <ClInclude Include="Components\Header Files\ScriptComponent.h">
      <Filter>Components\Header Files</Filter>
    </ClInclude>
    <ClInclude Include="Scene\Header\EventNode.h">
      <Filter>Scene\Header</Filter>
    </ClInclude>
    <ClInclude Include="Scene\Header\VariableNode.h">
      <Filter>Scene\Header</Filter>
    </ClInclude>
    <ClInclude Include="Components\Header Files\NodeComponent.h">
      <Filter>Components\Header Files</Filter>
    </ClInclude>
    <ClInclude Include="Components\Header Files\PhysicsComponent.h">
      <Filter>Components\Header Files</Filter>
    </ClInclude>
    <ClInclude Include="Components\Header Files\AudioComponent.h">
      <Filter>Components\Header Files</Filter>
    </ClInclude>
    <ClInclude Include="Scripting\Header Files\Graph.h">
      <Filter>Scripting\Header Files</Filter>
    </ClInclude>
    <ClInclude Include="Scripting\Header Files\GraphExecutor.h">
      <Filter>Scripting\Header Files</Filter>
    </ClInclude>
    <ClInclude Include="Scripting\Header Files\GraphLayout.h">
      <Filter>Scripting\Header Files</Filter>
    </ClInclude>
    <ClInclude Include="Scripting\Header Files\GraphSerializer.h">
      <Filter>Scripting\Header Files</Filter>
    </ClInclude>
    <ClInclude Include="DataTypeUtils.h">
      <Filter>Utils\Header Files</Filter>
    </ClInclude>
    <ClInclude Include="Scene\Header\NodeSerialization.h">
      <Filter>Scene\Header</Filter>
    </ClInclude>
    <ClInclude Include="Scene\Header\NodeData.h">
      <Filter>Scene\Header</Filter>
    </ClInclude>
    <ClInclude Include="Scene\Source\NodeConnections.h">
      <Filter>Scene\Header</Filter>
    </ClInclude>
    <ClInclude Include="Scene\Header\NodeExecution.h">
      <Filter>Scene\Header</Filter>
    </ClInclude>
  </ItemGroup>
</Project>